// !$*UTF8*$!
{
	archiveVersion = 1;
	classes = {
	};
	objectVersion = 52;
	objects = {

/* Begin PBXBuildFile section */
		310BB9842647DD2700F0F286 /* UIApplication+extended.swift in Sources */ = {isa = PBXBuildFile; fileRef = 310BB9832647DD2700F0F286 /* UIApplication+extended.swift */; };
		312F05272647CB4E00D8E703 /* QGrid in Frameworks */ = {isa = PBXBuildFile; productRef = 312F05262647CB4E00D8E703 /* QGrid */; };
		314520CB2647BB9600CC69BB /* YahooImageSearchSwiftUIApp.swift in Sources */ = {isa = PBXBuildFile; fileRef = 314520CA2647BB9600CC69BB /* YahooImageSearchSwiftUIApp.swift */; };
		314520CD2647BB9600CC69BB /* ContentView.swift in Sources */ = {isa = PBXBuildFile; fileRef = 314520CC2647BB9600CC69BB /* ContentView.swift */; };
		314520CF2647BB9800CC69BB /* Assets.xcassets in Resources */ = {isa = PBXBuildFile; fileRef = 314520CE2647BB9800CC69BB /* Assets.xcassets */; };
		314520D22647BB9800CC69BB /* Preview Assets.xcassets in Resources */ = {isa = PBXBuildFile; fileRef = 314520D12647BB9800CC69BB /* Preview Assets.xcassets */; };
		314520E72647C00800CC69BB /* ImageData.swift in Sources */ = {isa = PBXBuildFile; fileRef = 314520E62647C00800CC69BB /* ImageData.swift */; };
		3176611A2647CDC1005AC722 /* GridCell.swift in Sources */ = {isa = PBXBuildFile; fileRef = 317661192647CDC1005AC722 /* GridCell.swift */; };
		319D33E22647E9EB00BF8616 /* ActivityIndicatorView in Frameworks */ = {isa = PBXBuildFile; productRef = 319D33E12647E9EB00BF8616 /* ActivityIndicatorView */; };
		31B054612647E5780098D573 /* Constants.swift in Sources */ = {isa = PBXBuildFile; fileRef = 31B054602647E5780098D573 /* Constants.swift */; };
		DF1CA40FDB1A20E2CC20F326 /* Pods_YahooImageSearchSwiftUI.framework in Frameworks */ = {isa = PBXBuildFile; fileRef = 9DCE32B273833F900893FFCF /* Pods_YahooImageSearchSwiftUI.framework */; };
/* End PBXBuildFile section */

/* Begin PBXFileReference section */
		310BB9832647DD2700F0F286 /* UIApplication+extended.swift */ = {isa = PBXFileReference; lastKnownFileType = sourcecode.swift; path = "UIApplication+extended.swift"; sourceTree = "<group>"; };
		314520C72647BB9600CC69BB /* YahooImageSearchSwiftUI.app */ = {isa = PBXFileReference; explicitFileType = wrapper.application; includeInIndex = 0; path = YahooImageSearchSwiftUI.app; sourceTree = BUILT_PRODUCTS_DIR; };
		314520CA2647BB9600CC69BB /* YahooImageSearchSwiftUIApp.swift */ = {isa = PBXFileReference; lastKnownFileType = sourcecode.swift; path = YahooImageSearchSwiftUIApp.swift; sourceTree = "<group>"; };
		314520CC2647BB9600CC69BB /* ContentView.swift */ = {isa = PBXFileReference; lastKnownFileType = sourcecode.swift; path = ContentView.swift; sourceTree = "<group>"; };
		314520CE2647BB9800CC69BB /* Assets.xcassets */ = {isa = PBXFileReference; lastKnownFileType = folder.assetcatalog; path = Assets.xcassets; sourceTree = "<group>"; };
		314520D12647BB9800CC69BB /* Preview Assets.xcassets */ = {isa = PBXFileReference; lastKnownFileType = folder.assetcatalog; path = "Preview Assets.xcassets"; sourceTree = "<group>"; };
		314520D32647BB9800CC69BB /* Info.plist */ = {isa = PBXFileReference; lastKnownFileType = text.plist.xml; path = Info.plist; sourceTree = "<group>"; };
		314520E62647C00800CC69BB /* ImageData.swift */ = {isa = PBXFileReference; lastKnownFileType = sourcecode.swift; path = ImageData.swift; sourceTree = "<group>"; };
		317661192647CDC1005AC722 /* GridCell.swift */ = {isa = PBXFileReference; lastKnownFileType = sourcecode.swift; path = GridCell.swift; sourceTree = "<group>"; };
		31B054602647E5780098D573 /* Constants.swift */ = {isa = PBXFileReference; lastKnownFileType = sourcecode.swift; path = Constants.swift; sourceTree = "<group>"; };
		9DCE32B273833F900893FFCF /* Pods_YahooImageSearchSwiftUI.framework */ = {isa = PBXFileReference; explicitFileType = wrapper.framework; includeInIndex = 0; path = Pods_YahooImageSearchSwiftUI.framework; sourceTree = BUILT_PRODUCTS_DIR; };
/* End PBXFileReference section */

/* Begin PBXFrameworksBuildPhase section */
		314520C42647BB9600CC69BB /* Frameworks */ = {
			isa = PBXFrameworksBuildPhase;
			buildActionMask = 2147483647;
			files = (
				312F05272647CB4E00D8E703 /* QGrid in Frameworks */,
				319D33E22647E9EB00BF8616 /* ActivityIndicatorView in Frameworks */,
				DF1CA40FDB1A20E2CC20F326 /* Pods_YahooImageSearchSwiftUI.framework in Frameworks */,
			);
			runOnlyForDeploymentPostprocessing = 0;
		};
/* End PBXFrameworksBuildPhase section */

/* Begin PBXGroup section */
		11FF9BFA4A3C0A9475217B28 /* Frameworks */ = {
			isa = PBXGroup;
			children = (
				9DCE32B273833F900893FFCF /* Pods_YahooImageSearchSwiftUI.framework */,
			);
			name = Frameworks;
			sourceTree = "<group>";
		};
		310BB9822647DD0E00F0F286 /* Extension */ = {
			isa = PBXGroup;
			children = (
				310BB9832647DD2700F0F286 /* UIApplication+extended.swift */,
			);
			path = Extension;
			sourceTree = "<group>";
		};
		314520BE2647BB9600CC69BB = {
			isa = PBXGroup;
			children = (
				314520C92647BB9600CC69BB /* YahooImageSearchSwiftUI */,
				314520C82647BB9600CC69BB /* Products */,
				11FF9BFA4A3C0A9475217B28 /* Frameworks */,
			);
			sourceTree = "<group>";
		};
		314520C82647BB9600CC69BB /* Products */ = {
			isa = PBXGroup;
			children = (
				314520C72647BB9600CC69BB /* YahooImageSearchSwiftUI.app */,
			);
			name = Products;
			sourceTree = "<group>";
		};
		314520C92647BB9600CC69BB /* YahooImageSearchSwiftUI */ = {
			isa = PBXGroup;
			children = (
				310BB9822647DD0E00F0F286 /* Extension */,
				317661182647CDB0005AC722 /* View */,
				314520E52647BFE600CC69BB /* Model */,
				314520CA2647BB9600CC69BB /* YahooImageSearchSwiftUIApp.swift */,
				314520CC2647BB9600CC69BB /* ContentView.swift */,
				31B054602647E5780098D573 /* Constants.swift */,
				314520CE2647BB9800CC69BB /* Assets.xcassets */,
				314520D32647BB9800CC69BB /* Info.plist */,
				314520D02647BB9800CC69BB /* Preview Content */,
			);
			path = YahooImageSearchSwiftUI;
			sourceTree = "<group>";
		};
		314520D02647BB9800CC69BB /* Preview Content */ = {
			isa = PBXGroup;
			children = (
				314520D12647BB9800CC69BB /* Preview Assets.xcassets */,
			);
			path = "Preview Content";
			sourceTree = "<group>";
		};
		314520E52647BFE600CC69BB /* Model */ = {
			isa = PBXGroup;
			children = (
				314520E62647C00800CC69BB /* ImageData.swift */,
			);
			path = Model;
			sourceTree = "<group>";
		};
		317661182647CDB0005AC722 /* View */ = {
			isa = PBXGroup;
			children = (
				317661192647CDC1005AC722 /* GridCell.swift */,
			);
			path = View;
			sourceTree = "<group>";
		};
/* End PBXGroup section */

/* Begin PBXNativeTarget section */
		314520C62647BB9600CC69BB /* YahooImageSearchSwiftUI */ = {
			isa = PBXNativeTarget;
			buildConfigurationList = 314520D62647BB9800CC69BB /* Build configuration list for PBXNativeTarget "YahooImageSearchSwiftUI" */;
			buildPhases = (
				314520C32647BB9600CC69BB /* Sources */,
				314520C42647BB9600CC69BB /* Frameworks */,
				314520C52647BB9600CC69BB /* Resources */,
			);
			buildRules = (
			);
			dependencies = (
			);
			name = YahooImageSearchSwiftUI;
			packageProductDependencies = (
				312F05262647CB4E00D8E703 /* QGrid */,
				319D33E12647E9EB00BF8616 /* ActivityIndicatorView */,
			);
			productName = YahooImageSearchSwiftUI;
			productReference = 314520C72647BB9600CC69BB /* YahooImageSearchSwiftUI.app */;
			productType = "com.apple.product-type.application";
		};
/* End PBXNativeTarget section */

/* Begin PBXProject section */
		314520BF2647BB9600CC69BB /* Project object */ = {
			isa = PBXProject;
			attributes = {
				LastSwiftUpdateCheck = 1250;
				LastUpgradeCheck = 1250;
				TargetAttributes = {
					314520C62647BB9600CC69BB = {
						CreatedOnToolsVersion = 12.5;
					};
				};
			};
			buildConfigurationList = 314520C22647BB9600CC69BB /* Build configuration list for PBXProject "YahooImageSearchSwiftUI" */;
			compatibilityVersion = "Xcode 9.3";
			developmentRegion = en;
			hasScannedForEncodings = 0;
			knownRegions = (
				en,
				Base,
			);
			mainGroup = 314520BE2647BB9600CC69BB;
			packageReferences = (
				312F05252647CB4E00D8E703 /* XCRemoteSwiftPackageReference "QGrid" */,
				319D33E02647E9EB00BF8616 /* XCRemoteSwiftPackageReference "ActivityIndicatorView" */,
			);
			productRefGroup = 314520C82647BB9600CC69BB /* Products */;
			projectDirPath = "";
			projectRoot = "";
			targets = (
				314520C62647BB9600CC69BB /* YahooImageSearchSwiftUI */,
			);
		};
/* End PBXProject section */

/* Begin PBXResourcesBuildPhase section */
		314520C52647BB9600CC69BB /* Resources */ = {
			isa = PBXResourcesBuildPhase;
			buildActionMask = 2147483647;
			files = (
				314520D22647BB9800CC69BB /* Preview Assets.xcassets in Resources */,
				314520CF2647BB9800CC69BB /* Assets.xcassets in Resources */,
			);
			runOnlyForDeploymentPostprocessing = 0;
		};
/* End PBXResourcesBuildPhase section */

/* Begin PBXSourcesBuildPhase section */
		314520C32647BB9600CC69BB /* Sources */ = {
			isa = PBXSourcesBuildPhase;
			buildActionMask = 2147483647;
			files = (
				314520E72647C00800CC69BB /* ImageData.swift in Sources */,
				314520CD2647BB9600CC69BB /* ContentView.swift in Sources */,
				310BB9842647DD2700F0F286 /* UIApplication+extended.swift in Sources */,
				314520CB2647BB9600CC69BB /* YahooImageSearchSwiftUIApp.swift in Sources */,
				3176611A2647CDC1005AC722 /* GridCell.swift in Sources */,
				31B054612647E5780098D573 /* Constants.swift in Sources */,
			);
			runOnlyForDeploymentPostprocessing = 0;
		};
/* End PBXSourcesBuildPhase section */

/* Begin XCBuildConfiguration section */
		314520D42647BB9800CC69BB /* Debug */ = {
			isa = XCBuildConfiguration;
			buildSettings = {
				ALWAYS_SEARCH_USER_PATHS = NO;
				CLANG_ANALYZER_NONNULL = YES;
				CLANG_ANALYZER_NUMBER_OBJECT_CONVERSION = YES_AGGRESSIVE;
				CLANG_CXX_LANGUAGE_STANDARD = "gnu++14";
				CLANG_CXX_LIBRARY = "libc++";
				CLANG_ENABLE_MODULES = YES;
				CLANG_ENABLE_OBJC_ARC = YES;
				CLANG_ENABLE_OBJC_WEAK = YES;
				CLANG_WARN_BLOCK_CAPTURE_AUTORELEASING = YES;
				CLANG_WARN_BOOL_CONVERSION = YES;
				CLANG_WARN_COMMA = YES;
				CLANG_WARN_CONSTANT_CONVERSION = YES;
				CLANG_WARN_DEPRECATED_OBJC_IMPLEMENTATIONS = YES;
				CLANG_WARN_DIRECT_OBJC_ISA_USAGE = YES_ERROR;
				CLANG_WARN_DOCUMENTATION_COMMENTS = YES;
				CLANG_WARN_EMPTY_BODY = YES;
				CLANG_WARN_ENUM_CONVERSION = YES;
				CLANG_WARN_INFINITE_RECURSION = YES;
				CLANG_WARN_INT_CONVERSION = YES;
				CLANG_WARN_NON_LITERAL_NULL_CONVERSION = YES;
				CLANG_WARN_OBJC_IMPLICIT_RETAIN_SELF = YES;
				CLANG_WARN_OBJC_LITERAL_CONVERSION = YES;
				CLANG_WARN_OBJC_ROOT_CLASS = YES_ERROR;
				CLANG_WARN_QUOTED_INCLUDE_IN_FRAMEWORK_HEADER = YES;
				CLANG_WARN_RANGE_LOOP_ANALYSIS = YES;
				CLANG_WARN_STRICT_PROTOTYPES = YES;
				CLANG_WARN_SUSPICIOUS_MOVE = YES;
				CLANG_WARN_UNGUARDED_AVAILABILITY = YES_AGGRESSIVE;
				CLANG_WARN_UNREACHABLE_CODE = YES;
				CLANG_WARN__DUPLICATE_METHOD_MATCH = YES;
				COPY_PHASE_STRIP = NO;
				DEBUG_INFORMATION_FORMAT = dwarf;
				ENABLE_STRICT_OBJC_MSGSEND = YES;
				ENABLE_TESTABILITY = YES;
				GCC_C_LANGUAGE_STANDARD = gnu11;
				GCC_DYNAMIC_NO_PIC = NO;
				GCC_NO_COMMON_BLOCKS = YES;
				GCC_OPTIMIZATION_LEVEL = 0;
				GCC_PREPROCESSOR_DEFINITIONS = (
					"DEBUG=1",
					"$(inherited)",
				);
				GCC_WARN_64_TO_32_BIT_CONVERSION = YES;
				GCC_WARN_ABOUT_RETURN_TYPE = YES_ERROR;
				GCC_WARN_UNDECLARED_SELECTOR = YES;
				GCC_WARN_UNINITIALIZED_AUTOS = YES_AGGRESSIVE;
				GCC_WARN_UNUSED_FUNCTION = YES;
				GCC_WARN_UNUSED_VARIABLE = YES;
				IPHONEOS_DEPLOYMENT_TARGET = 14.5;
				MTL_ENABLE_DEBUG_INFO = INCLUDE_SOURCE;
				MTL_FAST_MATH = YES;
				ONLY_ACTIVE_ARCH = YES;
				SDKROOT = iphoneos;
				SWIFT_ACTIVE_COMPILATION_CONDITIONS = DEBUG;
				SWIFT_OPTIMIZATION_LEVEL = "-Onone";
			};
			name = Debug;
		};
		314520D52647BB9800CC69BB /* Release */ = {
			isa = XCBuildConfiguration;
			buildSettings = {
				ALWAYS_SEARCH_USER_PATHS = NO;
				CLANG_ANALYZER_NONNULL = YES;
				CLANG_ANALYZER_NUMBER_OBJECT_CONVERSION = YES_AGGRESSIVE;
				CLANG_CXX_LANGUAGE_STANDARD = "gnu++14";
				CLANG_CXX_LIBRARY = "libc++";
				CLANG_ENABLE_MODULES = YES;
				CLANG_ENABLE_OBJC_ARC = YES;
				CLANG_ENABLE_OBJC_WEAK = YES;
				CLANG_WARN_BLOCK_CAPTURE_AUTORELEASING = YES;
				CLANG_WARN_BOOL_CONVERSION = YES;
				CLANG_WARN_COMMA = YES;
				CLANG_WARN_CONSTANT_CONVERSION = YES;
				CLANG_WARN_DEPRECATED_OBJC_IMPLEMENTATIONS = YES;
				CLANG_WARN_DIRECT_OBJC_ISA_USAGE = YES_ERROR;
				CLANG_WARN_DOCUMENTATION_COMMENTS = YES;
				CLANG_WARN_EMPTY_BODY = YES;
				CLANG_WARN_ENUM_CONVERSION = YES;
				CLANG_WARN_INFINITE_RECURSION = YES;
				CLANG_WARN_INT_CONVERSION = YES;
				CLANG_WARN_NON_LITERAL_NULL_CONVERSION = YES;
				CLANG_WARN_OBJC_IMPLICIT_RETAIN_SELF = YES;
				CLANG_WARN_OBJC_LITERAL_CONVERSION = YES;
				CLANG_WARN_OBJC_ROOT_CLASS = YES_ERROR;
				CLANG_WARN_QUOTED_INCLUDE_IN_FRAMEWORK_HEADER = YES;
				CLANG_WARN_RANGE_LOOP_ANALYSIS = YES;
				CLANG_WARN_STRICT_PROTOTYPES = YES;
				CLANG_WARN_SUSPICIOUS_MOVE = YES;
				CLANG_WARN_UNGUARDED_AVAILABILITY = YES_AGGRESSIVE;
				CLANG_WARN_UNREACHABLE_CODE = YES;
				CLANG_WARN__DUPLICATE_METHOD_MATCH = YES;
				COPY_PHASE_STRIP = NO;
				DEBUG_INFORMATION_FORMAT = "dwarf-with-dsym";
				ENABLE_NS_ASSERTIONS = NO;
				ENABLE_STRICT_OBJC_MSGSEND = YES;
				GCC_C_LANGUAGE_STANDARD = gnu11;
				GCC_NO_COMMON_BLOCKS = YES;
				GCC_WARN_64_TO_32_BIT_CONVERSION = YES;
				GCC_WARN_ABOUT_RETURN_TYPE = YES_ERROR;
				GCC_WARN_UNDECLARED_SELECTOR = YES;
				GCC_WARN_UNINITIALIZED_AUTOS = YES_AGGRESSIVE;
				GCC_WARN_UNUSED_FUNCTION = YES;
				GCC_WARN_UNUSED_VARIABLE = YES;
				IPHONEOS_DEPLOYMENT_TARGET = 14.5;
				MTL_ENABLE_DEBUG_INFO = NO;
				MTL_FAST_MATH = YES;
				SDKROOT = iphoneos;
				SWIFT_COMPILATION_MODE = wholemodule;
				SWIFT_OPTIMIZATION_LEVEL = "-O";
				VALIDATE_PRODUCT = YES;
			};
			name = Release;
		};
		314520D72647BB9800CC69BB /* Debug */ = {
			isa = XCBuildConfiguration;
			buildSettings = {
				ASSETCATALOG_COMPILER_APPICON_NAME = AppIcon;
				ASSETCATALOG_COMPILER_GLOBAL_ACCENT_COLOR_NAME = AccentColor;
				CODE_SIGN_STYLE = Automatic;
				DEVELOPMENT_ASSET_PATHS = "\"YahooImageSearchSwiftUI/Preview Content\"";
				DEVELOPMENT_TEAM = U5LW6HVD99;
				ENABLE_PREVIEWS = YES;
				INFOPLIST_FILE = YahooImageSearchSwiftUI/Info.plist;
				IPHONEOS_DEPLOYMENT_TARGET = 14.0;
				LD_RUNPATH_SEARCH_PATHS = (
					"$(inherited)",
					"@executable_path/Frameworks",
				);
				PRODUCT_BUNDLE_IDENTIFIER = net.deskplate.YahooImageSearchSwiftUI;
				PRODUCT_NAME = "$(TARGET_NAME)";
				SWIFT_VERSION = 5.0;
				TARGETED_DEVICE_FAMILY = "1,2";
			};
			name = Debug;
		};
		314520D82647BB9800CC69BB /* Release */ = {
			isa = XCBuildConfiguration;
			buildSettings = {
				ASSETCATALOG_COMPILER_APPICON_NAME = AppIcon;
				ASSETCATALOG_COMPILER_GLOBAL_ACCENT_COLOR_NAME = AccentColor;
				CODE_SIGN_STYLE = Automatic;
				DEVELOPMENT_ASSET_PATHS = "\"YahooImageSearchSwiftUI/Preview Content\"";
				DEVELOPMENT_TEAM = U5LW6HVD99;
				ENABLE_PREVIEWS = YES;
				INFOPLIST_FILE = YahooImageSearchSwiftUI/Info.plist;
				IPHONEOS_DEPLOYMENT_TARGET = 14.0;
				LD_RUNPATH_SEARCH_PATHS = (
					"$(inherited)",
					"@executable_path/Frameworks",
				);
				PRODUCT_BUNDLE_IDENTIFIER = net.deskplate.YahooImageSearchSwiftUI;
				PRODUCT_NAME = "$(TARGET_NAME)";
				SWIFT_VERSION = 5.0;
				TARGETED_DEVICE_FAMILY = "1,2";
			};
			name = Release;
		};
/* End XCBuildConfiguration section */

/* Begin XCConfigurationList section */
		314520C22647BB9600CC69BB /* Build configuration list for PBXProject "YahooImageSearchSwiftUI" */ = {
			isa = XCConfigurationList;
			buildConfigurations = (
				314520D42647BB9800CC69BB /* Debug */,
				314520D52647BB9800CC69BB /* Release */,
			);
			defaultConfigurationIsVisible = 0;
			defaultConfigurationName = Release;
		};
		314520D62647BB9800CC69BB /* Build configuration list for PBXNativeTarget "YahooImageSearchSwiftUI" */ = {
			isa = XCConfigurationList;
			buildConfigurations = (
				314520D72647BB9800CC69BB /* Debug */,
				314520D82647BB9800CC69BB /* Release */,
			);
			defaultConfigurationIsVisible = 0;
			defaultConfigurationName = Release;
		};
/* End XCConfigurationList section */

/* Begin XCRemoteSwiftPackageReference section */
		312F05252647CB4E00D8E703 /* XCRemoteSwiftPackageReference "QGrid" */ = {
			isa = XCRemoteSwiftPackageReference;
			repositoryURL = "https://github.com/Q-Mobile/QGrid";
			requirement = {
				kind = upToNextMajorVersion;
				minimumVersion = 0.1.4;
			};
		};
		319D33E02647E9EB00BF8616 /* XCRemoteSwiftPackageReference "ActivityIndicatorView" */ = {
			isa = XCRemoteSwiftPackageReference;
			repositoryURL = "https://github.com/exyte/ActivityIndicatorView.git";
			requirement = {
				kind = upToNextMajorVersion;
				minimumVersion = 0.0.6;
			};
		};
/* End XCRemoteSwiftPackageReference section */

/* Begin XCSwiftPackageProductDependency section */
		312F05262647CB4E00D8E703 /* QGrid */ = {
			isa = XCSwiftPackageProductDependency;
			package = 312F05252647CB4E00D8E703 /* XCRemoteSwiftPackageReference "QGrid" */;
			productName = QGrid;
		};
		319D33E12647E9EB00BF8616 /* ActivityIndicatorView */ = {
			isa = XCSwiftPackageProductDependency;
			package = 319D33E02647E9EB00BF8616 /* XCRemoteSwiftPackageReference "ActivityIndicatorView" */;
			productName = ActivityIndicatorView;
		};
/* End XCSwiftPackageProductDependency section */
	};
	rootObject = 314520BF2647BB9600CC69BB /* Project object */;
}
